
Microsoft Visual Studio Solution File, Format Version 12.00
# Visual Studio Version 17
VisualStudioVersion = 17.0.31912.275
MinimumVisualStudioVersion = 10.0.40219.1
Project("{FAE04EC0-301F-11D3-BF4B-00C04F79EFBC}") = "FishingSystem", "FishingSystem\FishingSystem.csproj", "{24C18547-8B44-4FD2-8A39-BDE05F78F625}"
EndProject
Global
	GlobalSection(SolutionConfigurationPlatforms) = preSolution
		Debug|Any CPU = Debug|Any CPU
		Release|Any CPU = Release|Any CPU
	EndGlobalSection
	GlobalSection(ProjectConfigurationPlatforms) = postSolution
		{24C18547-8B44-4FD2-8A39-BDE05F78F625}.Debug|Any CPU.ActiveCfg = Debug|Any CPU
		{24C18547-8B44-4FD2-8A39-BDE05F78F625}.Debug|Any CPU.Build.0 = Debug|Any CPU
		{24C18547-8B44-4FD2-8A39-BDE05F78F625}.Release|Any CPU.ActiveCfg = Release|Any CPU
		{24C18547-8B44-4FD2-8A39-BDE05F78F625}.Release|Any CPU.Build.0 = Release|Any CPU
	EndGlobalSection
	GlobalSection(SolutionProperties) = preSolution
		HideSolutionNode = FALSE
	EndGlobalSection
	GlobalSection(ExtensibilityGlobals) = postSolution
		SolutionGuid = {9DD34273-758B-4844-A301-6F18EADEAA71}
	EndGlobalSection
EndGlobal
